<?xml version="1.0" encoding="utf-8"?>
<Project ToolsVersion="4.0" xmlns="http://schemas.microsoft.com/developer/msbuild/2003">
  <ItemGroup>
    <Filter Include="源文件">
      <UniqueIdentifier>{4FC737F1-C7A5-4376-A066-2A32D752A2FF}</UniqueIdentifier>
      <Extensions>cpp;c;cc;cxx;def;odl;idl;hpj;bat;asm;asmx</Extensions>
    </Filter>
    <Filter Include="头文件">
      <UniqueIdentifier>{93995380-89BD-4b04-88EB-625FBE52EBFB}</UniqueIdentifier>
      <Extensions>h;hh;hpp;hxx;hm;inl;inc;xsd</Extensions>
    </Filter>
    <Filter Include="资源文件">
      <UniqueIdentifier>{67DA6AB6-F800-4c08-8B7A-83BB121AAD01}</UniqueIdentifier>
      <Extensions>rc;ico;cur;bmp;dlg;rc2;rct;bin;rgs;gif;jpg;jpeg;jpe;resx;tiff;tif;png;wav;mfcribbon-ms</Extensions>
    </Filter>
    <Filter Include="Data Struct">
      <UniqueIdentifier>{d7c011a4-2103-44af-b41f-76bfbb655c4e}</UniqueIdentifier>
    </Filter>
    <Filter Include="Text-based UI">
      <UniqueIdentifier>{1b61adb0-43e1-4374-b9ca-eb3411f7883d}</UniqueIdentifier>
    </Filter>
    <Filter Include="Text-based UI\Common Dialogs">
      <UniqueIdentifier>{4c4004ad-3635-4861-8b33-d9b2eab68ca3}</UniqueIdentifier>
    </Filter>
    <Filter Include="Text-based UI\StudentManagementUI">
      <UniqueIdentifier>{f7d0c4aa-aa1b-46c5-923e-6e08b28d67b0}</UniqueIdentifier>
    </Filter>
    <Filter Include="Text-based UI\CourseManagementUI">
      <UniqueIdentifier>{8c2ef1d3-6194-4042-aa32-e33d9b02d9bb}</UniqueIdentifier>
    </Filter>
    <Filter Include="Text-based UI\StudentManagementUI\Dialogs">
      <UniqueIdentifier>{8b620bd6-8ec5-4acd-b790-f418599b9737}</UniqueIdentifier>
    </Filter>
  </ItemGroup>
  <ItemGroup>
    <ClInclude Include="Student.h">
      <Filter>头文件</Filter>
    </ClInclude>
    <ClInclude Include="Course.h">
      <Filter>头文件</Filter>
    </ClInclude>
    <ClInclude Include="LinkedListSel.h">
      <Filter>头文件</Filter>
    </ClInclude>
    <ClInclude Include="LkListNode.h">
      <Filter>Data Struct</Filter>
    </ClInclude>
    <ClInclude Include="CSVParser.h">
      <Filter>头文件</Filter>
    </ClInclude>
    <ClInclude Include="FileHandler.h">
      <Filter>头文件</Filter>
    </ClInclude>
    <ClInclude Include="StuCSVParser.h">
      <Filter>头文件</Filter>
    </ClInclude>
    <ClInclude Include="MyLinkedList.h">
      <Filter>Data Struct</Filter>
    </ClInclude>
    <ClInclude Include="LinkedList.h">
      <Filter>Data Struct</Filter>
    </ClInclude>
    <ClInclude Include="StudentList.h">
      <Filter>头文件</Filter>
    </ClInclude>
    <ClInclude Include="StudentManagementUI.h">
      <Filter>Text-based UI\StudentManagementUI</Filter>
    </ClInclude>
    <ClInclude Include="ChoiceDlg.h">
      <Filter>Text-based UI\Common Dialogs</Filter>
    </ClInclude>
    <ClInclude Include="ConfirmDlg.h">
      <Filter>Text-based UI\Common Dialogs</Filter>
    </ClInclude>
    <ClInclude Include="ConsoleOperator.h">
      <Filter>Text-based UI</Filter>
    </ClInclude>
    <ClInclude Include="Dialog.h">
      <Filter>Text-based UI</Filter>
    </ClInclude>
    <ClInclude Include="defs.h">
      <Filter>Text-based UI\Common Dialogs</Filter>
    </ClInclude>
    <ClInclude Include="CourseManagementUI.h">
      <Filter>Text-based UI\CourseManagementUI</Filter>
    </ClInclude>
    <ClInclude Include="StudentEditDlg.h">
      <Filter>Text-based UI\StudentManagementUI\Dialogs</Filter>
    </ClInclude>
    <ClInclude Include="InputDialog.h">
      <Filter>头文件</Filter>
    </ClInclude>
    <ClInclude Include="StudentSearchDlg.h">
      <Filter>Text-based UI\StudentManagementUI\Dialogs</Filter>
    </ClInclude>
    <ClInclude Include="StudentSortDlg.h">
      <Filter>头文件</Filter>
    </ClInclude>
  </ItemGroup>
  <ItemGroup>
    <ClCompile Include="Student.cpp">
      <Filter>源文件</Filter>
    </ClCompile>
    <ClCompile Include="Course.cpp">
      <Filter>源文件</Filter>
    </ClCompile>
    <ClCompile Include="CSVParser.cpp">
      <Filter>源文件</Filter>
    </ClCompile>
    <ClCompile Include="FileHandler.cpp">
      <Filter>源文件</Filter>
    </ClCompile>
    <ClCompile Include="StuCSVParser.cpp">
      <Filter>源文件</Filter>
    </ClCompile>
    <ClCompile Include="Main.cpp">
      <Filter>源文件</Filter>
    </ClCompile>
    <ClCompile Include="StudentList.cpp">
      <Filter>源文件</Filter>
    </ClCompile>
    <ClCompile Include="StudentManagementUI.cpp">
      <Filter>Text-based UI\StudentManagementUI</Filter>
    </ClCompile>
    <ClCompile Include="ChoiceDlg.cpp">
      <Filter>Text-based UI\Common Dialogs</Filter>
    </ClCompile>
    <ClCompile Include="ConfirmDlg.cpp">
      <Filter>Text-based UI\Common Dialogs</Filter>
    </ClCompile>
    <ClCompile Include="ConsoleOperator.cpp">
      <Filter>Text-based UI</Filter>
    </ClCompile>
    <ClCompile Include="Dialog.cpp">
      <Filter>Text-based UI</Filter>
    </ClCompile>
    <ClCompile Include="CourseManagementUI.cpp">
      <Filter>Text-based UI\CourseManagementUI</Filter>
    </ClCompile>
    <ClCompile Include="StudentEditDlg.cpp">
      <Filter>Text-based UI\StudentManagementUI\Dialogs</Filter>
    </ClCompile>
    <ClCompile Include="InputDialog.cpp">
      <Filter>源文件</Filter>
    </ClCompile>
    <ClCompile Include="StudentSearchDlg.cpp">
      <Filter>Text-based UI\StudentManagementUI\Dialogs</Filter>
    </ClCompile>
    <ClCompile Include="StudentSortDlg.cpp">
      <Filter>源文件</Filter>
    </ClCompile>
  </ItemGroup>
</Project>